// !$*UTF8*$!
{
	archiveVersion = 1;
	classes = {
	};
	objectVersion = 48;
	objects = {

/* Begin PBXBuildFile section */
		A1E2AC512092BE2900486590 /* AppDelegate.swift in Sources */ = {isa = PBXBuildFile; fileRef = A1E2AC502092BE2900486590 /* AppDelegate.swift */; };
		A1E2AC582092BE2900486590 /* Assets.xcassets in Resources */ = {isa = PBXBuildFile; fileRef = A1E2AC572092BE2900486590 /* Assets.xcassets */; };
		A1E2AC5B2092BE2900486590 /* LaunchScreen.storyboard in Resources */ = {isa = PBXBuildFile; fileRef = A1E2AC592092BE2900486590 /* LaunchScreen.storyboard */; };
		A1E2AC662092BE2A00486590 /* iBeaconDemoTests.swift in Sources */ = {isa = PBXBuildFile; fileRef = A1E2AC652092BE2A00486590 /* iBeaconDemoTests.swift */; };
		A1E2AC712092BE2A00486590 /* iBeaconDemoUITests.swift in Sources */ = {isa = PBXBuildFile; fileRef = A1E2AC702092BE2A00486590 /* iBeaconDemoUITests.swift */; };
		A1E2AC842092BFE800486590 /* AddItemViewController.swift in Sources */ = {isa = PBXBuildFile; fileRef = A1E2AC832092BFE800486590 /* AddItemViewController.swift */; };
		A1E2AC862092C00000486590 /* ItemsViewController.swift in Sources */ = {isa = PBXBuildFile; fileRef = A1E2AC852092C00000486590 /* ItemsViewController.swift */; };
		A1E2AC882092C02100486590 /* IconCell.swift in Sources */ = {isa = PBXBuildFile; fileRef = A1E2AC872092C02100486590 /* IconCell.swift */; };
		A1E2AC8A2092C02E00486590 /* ItemCell.swift in Sources */ = {isa = PBXBuildFile; fileRef = A1E2AC892092C02E00486590 /* ItemCell.swift */; };
		A1E2AC8E2092C07500486590 /* Item.swift in Sources */ = {isa = PBXBuildFile; fileRef = A1E2AC8D2092C07500486590 /* Item.swift */; };
		A1E2AC902092C08400486590 /* Icons.swift in Sources */ = {isa = PBXBuildFile; fileRef = A1E2AC8F2092C08400486590 /* Icons.swift */; };
		A1E2AC922092D0DD00486590 /* Main.storyboard in Resources */ = {isa = PBXBuildFile; fileRef = A1E2AC912092D0DD00486590 /* Main.storyboard */; };
/* End PBXBuildFile section */

/* Begin PBXContainerItemProxy section */
		A1E2AC622092BE2A00486590 /* PBXContainerItemProxy */ = {
			isa = PBXContainerItemProxy;
			containerPortal = A1E2AC452092BE2900486590 /* Project object */;
			proxyType = 1;
			remoteGlobalIDString = A1E2AC4C2092BE2900486590;
			remoteInfo = iBeaconDemo;
		};
		A1E2AC6D2092BE2A00486590 /* PBXContainerItemProxy */ = {
			isa = PBXContainerItemProxy;
			containerPortal = A1E2AC452092BE2900486590 /* Project object */;
			proxyType = 1;
			remoteGlobalIDString = A1E2AC4C2092BE2900486590;
			remoteInfo = iBeaconDemo;
		};
/* End PBXContainerItemProxy section */

/* Begin PBXFileReference section */
		A1E2AC4D2092BE2900486590 /* iBeaconDemo.app */ = {isa = PBXFileReference; explicitFileType = wrapper.application; includeInIndex = 0; path = iBeaconDemo.app; sourceTree = BUILT_PRODUCTS_DIR; };
		A1E2AC502092BE2900486590 /* AppDelegate.swift */ = {isa = PBXFileReference; lastKnownFileType = sourcecode.swift; path = AppDelegate.swift; sourceTree = "<group>"; };
		A1E2AC572092BE2900486590 /* Assets.xcassets */ = {isa = PBXFileReference; lastKnownFileType = folder.assetcatalog; path = Assets.xcassets; sourceTree = "<group>"; };
		A1E2AC5A2092BE2900486590 /* Base */ = {isa = PBXFileReference; lastKnownFileType = file.storyboard; name = Base; path = Base.lproj/LaunchScreen.storyboard; sourceTree = "<group>"; };
		A1E2AC5C2092BE2900486590 /* Info.plist */ = {isa = PBXFileReference; lastKnownFileType = text.plist.xml; path = Info.plist; sourceTree = "<group>"; };
		A1E2AC612092BE2A00486590 /* iBeaconDemoTests.xctest */ = {isa = PBXFileReference; explicitFileType = wrapper.cfbundle; includeInIndex = 0; path = iBeaconDemoTests.xctest; sourceTree = BUILT_PRODUCTS_DIR; };
		A1E2AC652092BE2A00486590 /* iBeaconDemoTests.swift */ = {isa = PBXFileReference; lastKnownFileType = sourcecode.swift; path = iBeaconDemoTests.swift; sourceTree = "<group>"; };
		A1E2AC672092BE2A00486590 /* Info.plist */ = {isa = PBXFileReference; lastKnownFileType = text.plist.xml; path = Info.plist; sourceTree = "<group>"; };
		A1E2AC6C2092BE2A00486590 /* iBeaconDemoUITests.xctest */ = {isa = PBXFileReference; explicitFileType = wrapper.cfbundle; includeInIndex = 0; path = iBeaconDemoUITests.xctest; sourceTree = BUILT_PRODUCTS_DIR; };
		A1E2AC702092BE2A00486590 /* iBeaconDemoUITests.swift */ = {isa = PBXFileReference; lastKnownFileType = sourcecode.swift; path = iBeaconDemoUITests.swift; sourceTree = "<group>"; };
		A1E2AC722092BE2A00486590 /* Info.plist */ = {isa = PBXFileReference; lastKnownFileType = text.plist.xml; path = Info.plist; sourceTree = "<group>"; };
		A1E2AC832092BFE800486590 /* AddItemViewController.swift */ = {isa = PBXFileReference; lastKnownFileType = sourcecode.swift; path = AddItemViewController.swift; sourceTree = "<group>"; };
		A1E2AC852092C00000486590 /* ItemsViewController.swift */ = {isa = PBXFileReference; lastKnownFileType = sourcecode.swift; path = ItemsViewController.swift; sourceTree = "<group>"; };
		A1E2AC872092C02100486590 /* IconCell.swift */ = {isa = PBXFileReference; lastKnownFileType = sourcecode.swift; path = IconCell.swift; sourceTree = "<group>"; };
		A1E2AC892092C02E00486590 /* ItemCell.swift */ = {isa = PBXFileReference; lastKnownFileType = sourcecode.swift; path = ItemCell.swift; sourceTree = "<group>"; };
		A1E2AC8D2092C07500486590 /* Item.swift */ = {isa = PBXFileReference; lastKnownFileType = sourcecode.swift; path = Item.swift; sourceTree = "<group>"; };
		A1E2AC8F2092C08400486590 /* Icons.swift */ = {isa = PBXFileReference; lastKnownFileType = sourcecode.swift; path = Icons.swift; sourceTree = "<group>"; };
		A1E2AC912092D0DD00486590 /* Main.storyboard */ = {isa = PBXFileReference; fileEncoding = 4; lastKnownFileType = file.storyboard; path = Main.storyboard; sourceTree = "<group>"; };
/* End PBXFileReference section */

/* Begin PBXFrameworksBuildPhase section */
		A1E2AC4A2092BE2900486590 /* Frameworks */ = {
			isa = PBXFrameworksBuildPhase;
			buildActionMask = 2147483647;
			files = (
			);
			runOnlyForDeploymentPostprocessing = 0;
		};
		A1E2AC5E2092BE2A00486590 /* Frameworks */ = {
			isa = PBXFrameworksBuildPhase;
			buildActionMask = 2147483647;
			files = (
			);
			runOnlyForDeploymentPostprocessing = 0;
		};
		A1E2AC692092BE2A00486590 /* Frameworks */ = {
			isa = PBXFrameworksBuildPhase;
			buildActionMask = 2147483647;
			files = (
			);
			runOnlyForDeploymentPostprocessing = 0;
		};
/* End PBXFrameworksBuildPhase section */

/* Begin PBXGroup section */
		A1E2AC442092BE2900486590 = {
			isa = PBXGroup;
			children = (
				A1E2AC4F2092BE2900486590 /* iBeaconDemo */,
				A1E2AC642092BE2A00486590 /* iBeaconDemoTests */,
				A1E2AC6F2092BE2A00486590 /* iBeaconDemoUITests */,
				A1E2AC4E2092BE2900486590 /* Products */,
			);
			sourceTree = "<group>";
		};
		A1E2AC4E2092BE2900486590 /* Products */ = {
			isa = PBXGroup;
			children = (
				A1E2AC4D2092BE2900486590 /* iBeaconDemo.app */,
				A1E2AC612092BE2A00486590 /* iBeaconDemoTests.xctest */,
				A1E2AC6C2092BE2A00486590 /* iBeaconDemoUITests.xctest */,
			);
			name = Products;
			sourceTree = "<group>";
		};
		A1E2AC4F2092BE2900486590 /* iBeaconDemo */ = {
			isa = PBXGroup;
			children = (
				A1E2AC822092BFC400486590 /* Classes */,
				A1E2AC802092BF9E00486590 /* Custom Cells */,
				A1E2AC7F2092BF9500486590 /* ViewControllers */,
				A1E2AC502092BE2900486590 /* AppDelegate.swift */,
				A1E2AC912092D0DD00486590 /* Main.storyboard */,
				A1E2AC7E2092BE5600486590 /* Supporting Files */,
			);
			path = iBeaconDemo;
			sourceTree = "<group>";
		};
		A1E2AC642092BE2A00486590 /* iBeaconDemoTests */ = {
			isa = PBXGroup;
			children = (
				A1E2AC652092BE2A00486590 /* iBeaconDemoTests.swift */,
				A1E2AC672092BE2A00486590 /* Info.plist */,
			);
			path = iBeaconDemoTests;
			sourceTree = "<group>";
		};
		A1E2AC6F2092BE2A00486590 /* iBeaconDemoUITests */ = {
			isa = PBXGroup;
			children = (
				A1E2AC702092BE2A00486590 /* iBeaconDemoUITests.swift */,
				A1E2AC722092BE2A00486590 /* Info.plist */,
			);
			path = iBeaconDemoUITests;
			sourceTree = "<group>";
		};
		A1E2AC7E2092BE5600486590 /* Supporting Files */ = {
			isa = PBXGroup;
			children = (
				A1E2AC572092BE2900486590 /* Assets.xcassets */,
				A1E2AC592092BE2900486590 /* LaunchScreen.storyboard */,
				A1E2AC5C2092BE2900486590 /* Info.plist */,
			);
			name = "Supporting Files";
			sourceTree = "<group>";
		};
		A1E2AC7F2092BF9500486590 /* ViewControllers */ = {
			isa = PBXGroup;
			children = (
				A1E2AC832092BFE800486590 /* AddItemViewController.swift */,
				A1E2AC852092C00000486590 /* ItemsViewController.swift */,
			);
			path = ViewControllers;
			sourceTree = "<group>";
		};
		A1E2AC802092BF9E00486590 /* Custom Cells */ = {
			isa = PBXGroup;
			children = (
				A1E2AC872092C02100486590 /* IconCell.swift */,
				A1E2AC892092C02E00486590 /* ItemCell.swift */,
			);
			path = "Custom Cells";
			sourceTree = "<group>";
		};
		A1E2AC822092BFC400486590 /* Classes */ = {
			isa = PBXGroup;
			children = (
				A1E2AC8F2092C08400486590 /* Icons.swift */,
				A1E2AC8D2092C07500486590 /* Item.swift */,
			);
			path = Classes;
			sourceTree = "<group>";
		};
/* End PBXGroup section */

/* Begin PBXNativeTarget section */
		A1E2AC4C2092BE2900486590 /* iBeaconDemo */ = {
			isa = PBXNativeTarget;
			buildConfigurationList = A1E2AC752092BE2A00486590 /* Build configuration list for PBXNativeTarget "iBeaconDemo" */;
			buildPhases = (
				A1E2AC492092BE2900486590 /* Sources */,
				A1E2AC4A2092BE2900486590 /* Frameworks */,
				A1E2AC4B2092BE2900486590 /* Resources */,
			);
			buildRules = (
			);
			dependencies = (
			);
			name = iBeaconDemo;
			productName = iBeaconDemo;
			productReference = A1E2AC4D2092BE2900486590 /* iBeaconDemo.app */;
			productType = "com.apple.product-type.application";
		};
		A1E2AC602092BE2A00486590 /* iBeaconDemoTests */ = {
			isa = PBXNativeTarget;
			buildConfigurationList = A1E2AC782092BE2A00486590 /* Build configuration list for PBXNativeTarget "iBeaconDemoTests" */;
			buildPhases = (
				A1E2AC5D2092BE2A00486590 /* Sources */,
				A1E2AC5E2092BE2A00486590 /* Frameworks */,
				A1E2AC5F2092BE2A00486590 /* Resources */,
			);
			buildRules = (
			);
			dependencies = (
				A1E2AC632092BE2A00486590 /* PBXTargetDependency */,
			);
			name = iBeaconDemoTests;
			productName = iBeaconDemoTests;
			productReference = A1E2AC612092BE2A00486590 /* iBeaconDemoTests.xctest */;
			productType = "com.apple.product-type.bundle.unit-test";
		};
		A1E2AC6B2092BE2A00486590 /* iBeaconDemoUITests */ = {
			isa = PBXNativeTarget;
			buildConfigurationList = A1E2AC7B2092BE2A00486590 /* Build configuration list for PBXNativeTarget "iBeaconDemoUITests" */;
			buildPhases = (
				A1E2AC682092BE2A00486590 /* Sources */,
				A1E2AC692092BE2A00486590 /* Frameworks */,
				A1E2AC6A2092BE2A00486590 /* Resources */,
			);
			buildRules = (
			);
			dependencies = (
				A1E2AC6E2092BE2A00486590 /* PBXTargetDependency */,
			);
			name = iBeaconDemoUITests;
			productName = iBeaconDemoUITests;
			productReference = A1E2AC6C2092BE2A00486590 /* iBeaconDemoUITests.xctest */;
			productType = "com.apple.product-type.bundle.ui-testing";
		};
/* End PBXNativeTarget section */

/* Begin PBXProject section */
		A1E2AC452092BE2900486590 /* Project object */ = {
			isa = PBXProject;
			attributes = {
				LastSwiftUpdateCheck = 0920;
				LastUpgradeCheck = 0920;
				ORGANIZATIONNAME = "曹雪松";
				TargetAttributes = {
					A1E2AC4C2092BE2900486590 = {
						CreatedOnToolsVersion = 9.2;
						ProvisioningStyle = Manual;
						SystemCapabilities = {
							com.apple.BackgroundModes = {
								enabled = 1;
							};
						};
					};
					A1E2AC602092BE2A00486590 = {
						CreatedOnToolsVersion = 9.2;
						ProvisioningStyle = Automatic;
						TestTargetID = A1E2AC4C2092BE2900486590;
					};
					A1E2AC6B2092BE2A00486590 = {
						CreatedOnToolsVersion = 9.2;
						ProvisioningStyle = Automatic;
						TestTargetID = A1E2AC4C2092BE2900486590;
					};
				};
			};
			buildConfigurationList = A1E2AC482092BE2900486590 /* Build configuration list for PBXProject "iBeaconDemo" */;
			compatibilityVersion = "Xcode 8.0";
			developmentRegion = en;
			hasScannedForEncodings = 0;
			knownRegions = (
				en,
				Base,
			);
			mainGroup = A1E2AC442092BE2900486590;
			productRefGroup = A1E2AC4E2092BE2900486590 /* Products */;
			projectDirPath = "";
			projectRoot = "";
			targets = (
				A1E2AC4C2092BE2900486590 /* iBeaconDemo */,
				A1E2AC602092BE2A00486590 /* iBeaconDemoTests */,
				A1E2AC6B2092BE2A00486590 /* iBeaconDemoUITests */,
			);
		};
/* End PBXProject section */

/* Begin PBXResourcesBuildPhase section */
		A1E2AC4B2092BE2900486590 /* Resources */ = {
			isa = PBXResourcesBuildPhase;
			buildActionMask = 2147483647;
			files = (
				A1E2AC922092D0DD00486590 /* Main.storyboard in Resources */,
				A1E2AC5B2092BE2900486590 /* LaunchScreen.storyboard in Resources */,
				A1E2AC582092BE2900486590 /* Assets.xcassets in Resources */,
			);
			runOnlyForDeploymentPostprocessing = 0;
		};
		A1E2AC5F2092BE2A00486590 /* Resources */ = {
			isa = PBXResourcesBuildPhase;
			buildActionMask = 2147483647;
			files = (
			);
			runOnlyForDeploymentPostprocessing = 0;
		};
		A1E2AC6A2092BE2A00486590 /* Resources */ = {
			isa = PBXResourcesBuildPhase;
			buildActionMask = 2147483647;
			files = (
			);
			runOnlyForDeploymentPostprocessing = 0;
		};
/* End PBXResourcesBuildPhase section */

/* Begin PBXSourcesBuildPhase section */
		A1E2AC492092BE2900486590 /* Sources */ = {
			isa = PBXSourcesBuildPhase;
			buildActionMask = 2147483647;
			files = (
				A1E2AC882092C02100486590 /* IconCell.swift in Sources */,
				A1E2AC902092C08400486590 /* Icons.swift in Sources */,
				A1E2AC8A2092C02E00486590 /* ItemCell.swift in Sources */,
				A1E2AC8E2092C07500486590 /* Item.swift in Sources */,
				A1E2AC862092C00000486590 /* ItemsViewController.swift in Sources */,
				A1E2AC512092BE2900486590 /* AppDelegate.swift in Sources */,
				A1E2AC842092BFE800486590 /* AddItemViewController.swift in Sources */,
			);
			runOnlyForDeploymentPostprocessing = 0;
		};
		A1E2AC5D2092BE2A00486590 /* Sources */ = {
			isa = PBXSourcesBuildPhase;
			buildActionMask = 2147483647;
			files = (
				A1E2AC662092BE2A00486590 /* iBeaconDemoTests.swift in Sources */,
			);
			runOnlyForDeploymentPostprocessing = 0;
		};
		A1E2AC682092BE2A00486590 /* Sources */ = {
			isa = PBXSourcesBuildPhase;
			buildActionMask = 2147483647;
			files = (
				A1E2AC712092BE2A00486590 /* iBeaconDemoUITests.swift in Sources */,
			);
			runOnlyForDeploymentPostprocessing = 0;
		};
/* End PBXSourcesBuildPhase section */

/* Begin PBXTargetDependency section */
		A1E2AC632092BE2A00486590 /* PBXTargetDependency */ = {
			isa = PBXTargetDependency;
			target = A1E2AC4C2092BE2900486590 /* iBeaconDemo */;
			targetProxy = A1E2AC622092BE2A00486590 /* PBXContainerItemProxy */;
		};
		A1E2AC6E2092BE2A00486590 /* PBXTargetDependency */ = {
			isa = PBXTargetDependency;
			target = A1E2AC4C2092BE2900486590 /* iBeaconDemo */;
			targetProxy = A1E2AC6D2092BE2A00486590 /* PBXContainerItemProxy */;
		};
/* End PBXTargetDependency section */

/* Begin PBXVariantGroup section */
		A1E2AC592092BE2900486590 /* LaunchScreen.storyboard */ = {
			isa = PBXVariantGroup;
			children = (
				A1E2AC5A2092BE2900486590 /* Base */,
			);
			name = LaunchScreen.storyboard;
			sourceTree = "<group>";
		};
/* End PBXVariantGroup section */

/* Begin XCBuildConfiguration section */
		A1E2AC732092BE2A00486590 /* Debug */ = {
			isa = XCBuildConfiguration;
			buildSettings = {
				ALWAYS_SEARCH_USER_PATHS = NO;
				CLANG_ANALYZER_NONNULL = YES;
				CLANG_ANALYZER_NUMBER_OBJECT_CONVERSION = YES_AGGRESSIVE;
				CLANG_CXX_LANGUAGE_STANDARD = "gnu++14";
				CLANG_CXX_LIBRARY = "libc++";
				CLANG_ENABLE_MODULES = YES;
				CLANG_ENABLE_OBJC_ARC = YES;
				CLANG_WARN_BLOCK_CAPTURE_AUTORELEASING = YES;
				CLANG_WARN_BOOL_CONVERSION = YES;
				CLANG_WARN_COMMA = YES;
				CLANG_WARN_CONSTANT_CONVERSION = YES;
				CLANG_WARN_DIRECT_OBJC_ISA_USAGE = YES_ERROR;
				CLANG_WARN_DOCUMENTATION_COMMENTS = YES;
				CLANG_WARN_EMPTY_BODY = YES;
				CLANG_WARN_ENUM_CONVERSION = YES;
				CLANG_WARN_INFINITE_RECURSION = YES;
				CLANG_WARN_INT_CONVERSION = YES;
				CLANG_WARN_NON_LITERAL_NULL_CONVERSION = YES;
				CLANG_WARN_OBJC_LITERAL_CONVERSION = YES;
				CLANG_WARN_OBJC_ROOT_CLASS = YES_ERROR;
				CLANG_WARN_RANGE_LOOP_ANALYSIS = YES;
				CLANG_WARN_STRICT_PROTOTYPES = YES;
				CLANG_WARN_SUSPICIOUS_MOVE = YES;
				CLANG_WARN_UNGUARDED_AVAILABILITY = YES_AGGRESSIVE;
				CLANG_WARN_UNREACHABLE_CODE = YES;
				CLANG_WARN__DUPLICATE_METHOD_MATCH = YES;
				CODE_SIGN_IDENTITY = "iPhone Developer";
				COPY_PHASE_STRIP = NO;
				DEBUG_INFORMATION_FORMAT = dwarf;
				ENABLE_STRICT_OBJC_MSGSEND = YES;
				ENABLE_TESTABILITY = YES;
				GCC_C_LANGUAGE_STANDARD = gnu11;
				GCC_DYNAMIC_NO_PIC = NO;
				GCC_NO_COMMON_BLOCKS = YES;
				GCC_OPTIMIZATION_LEVEL = 0;
				GCC_PREPROCESSOR_DEFINITIONS = (
					"DEBUG=1",
					"$(inherited)",
				);
				GCC_WARN_64_TO_32_BIT_CONVERSION = YES;
				GCC_WARN_ABOUT_RETURN_TYPE = YES_ERROR;
				GCC_WARN_UNDECLARED_SELECTOR = YES;
				GCC_WARN_UNINITIALIZED_AUTOS = YES_AGGRESSIVE;
				GCC_WARN_UNUSED_FUNCTION = YES;
				GCC_WARN_UNUSED_VARIABLE = YES;
				IPHONEOS_DEPLOYMENT_TARGET = 11.2;
				MTL_ENABLE_DEBUG_INFO = YES;
				ONLY_ACTIVE_ARCH = YES;
				SDKROOT = iphoneos;
				SWIFT_ACTIVE_COMPILATION_CONDITIONS = DEBUG;
				SWIFT_OPTIMIZATION_LEVEL = "-Onone";
			};
			name = Debug;
		};
		A1E2AC742092BE2A00486590 /* Release */ = {
			isa = XCBuildConfiguration;
			buildSettings = {
				ALWAYS_SEARCH_USER_PATHS = NO;
				CLANG_ANALYZER_NONNULL = YES;
				CLANG_ANALYZER_NUMBER_OBJECT_CONVERSION = YES_AGGRESSIVE;
				CLANG_CXX_LANGUAGE_STANDARD = "gnu++14";
				CLANG_CXX_LIBRARY = "libc++";
				CLANG_ENABLE_MODULES = YES;
				CLANG_ENABLE_OBJC_ARC = YES;
				CLANG_WARN_BLOCK_CAPTURE_AUTORELEASING = YES;
				CLANG_WARN_BOOL_CONVERSION = YES;
				CLANG_WARN_COMMA = YES;
				CLANG_WARN_CONSTANT_CONVERSION = YES;
				CLANG_WARN_DIRECT_OBJC_ISA_USAGE = YES_ERROR;
				CLANG_WARN_DOCUMENTATION_COMMENTS = YES;
				CLANG_WARN_EMPTY_BODY = YES;
				CLANG_WARN_ENUM_CONVERSION = YES;
				CLANG_WARN_INFINITE_RECURSION = YES;
				CLANG_WARN_INT_CONVERSION = YES;
				CLANG_WARN_NON_LITERAL_NULL_CONVERSION = YES;
				CLANG_WARN_OBJC_LITERAL_CONVERSION = YES;
				CLANG_WARN_OBJC_ROOT_CLASS = YES_ERROR;
				CLANG_WARN_RANGE_LOOP_ANALYSIS = YES;
				CLANG_WARN_STRICT_PROTOTYPES = YES;
				CLANG_WARN_SUSPICIOUS_MOVE = YES;
				CLANG_WARN_UNGUARDED_AVAILABILITY = YES_AGGRESSIVE;
				CLANG_WARN_UNREACHABLE_CODE = YES;
				CLANG_WARN__DUPLICATE_METHOD_MATCH = YES;
				CODE_SIGN_IDENTITY = "iPhone Developer";
				COPY_PHASE_STRIP = NO;
				DEBUG_INFORMATION_FORMAT = "dwarf-with-dsym";
				ENABLE_NS_ASSERTIONS = NO;
				ENABLE_STRICT_OBJC_MSGSEND = YES;
				GCC_C_LANGUAGE_STANDARD = gnu11;
				GCC_NO_COMMON_BLOCKS = YES;
				GCC_WARN_64_TO_32_BIT_CONVERSION = YES;
				GCC_WARN_ABOUT_RETURN_TYPE = YES_ERROR;
				GCC_WARN_UNDECLARED_SELECTOR = YES;
				GCC_WARN_UNINITIALIZED_AUTOS = YES_AGGRESSIVE;
				GCC_WARN_UNUSED_FUNCTION = YES;
				GCC_WARN_UNUSED_VARIABLE = YES;
				IPHONEOS_DEPLOYMENT_TARGET = 11.2;
				MTL_ENABLE_DEBUG_INFO = NO;
				SDKROOT = iphoneos;
				SWIFT_OPTIMIZATION_LEVEL = "-Owholemodule";
				VALIDATE_PRODUCT = YES;
			};
			name = Release;
		};
		A1E2AC762092BE2A00486590 /* Debug */ = {
			isa = XCBuildConfiguration;
			buildSettings = {
				ASSETCATALOG_COMPILER_APPICON_NAME = AppIcon;
				CODE_SIGN_STYLE = Manual;
				DEVELOPMENT_TEAM = NSXWD9BJ9H;
				INFOPLIST_FILE = iBeaconDemo/Info.plist;
				IPHONEOS_DEPLOYMENT_TARGET = 10.0;
				LD_RUNPATH_SEARCH_PATHS = "$(inherited) @executable_path/Frameworks";
				PRODUCT_BUNDLE_IDENTIFIER = "com.kydz-wx.iBeaconDemo";
				PRODUCT_NAME = "$(TARGET_NAME)";
				PROVISIONING_PROFILE = "7b11c1fa-eff3-48d2-91d0-0af2ebdac6d7";
				PROVISIONING_PROFILE_SPECIFIER = Seven_development;
				SWIFT_VERSION = 4.0;
				TARGETED_DEVICE_FAMILY = "1,2";
			};
			name = Debug;
		};
		A1E2AC772092BE2A00486590 /* Release */ = {
			isa = XCBuildConfiguration;
			buildSettings = {
				ASSETCATALOG_COMPILER_APPICON_NAME = AppIcon;
				CODE_SIGN_STYLE = Manual;
				DEVELOPMENT_TEAM = NSXWD9BJ9H;
				INFOPLIST_FILE = iBeaconDemo/Info.plist;
				IPHONEOS_DEPLOYMENT_TARGET = 10.0;
				LD_RUNPATH_SEARCH_PATHS = "$(inherited) @executable_path/Frameworks";
				PRODUCT_BUNDLE_IDENTIFIER = "com.kydz-wx.iBeaconDemo";
				PRODUCT_NAME = "$(TARGET_NAME)";
				PROVISIONING_PROFILE = "7b11c1fa-eff3-48d2-91d0-0af2ebdac6d7";
				PROVISIONING_PROFILE_SPECIFIER = Seven_development;
				SWIFT_VERSION = 4.0;
				TARGETED_DEVICE_FAMILY = "1,2";
			};
			name = Release;
		};
		A1E2AC792092BE2A00486590 /* Debug */ = {
			isa = XCBuildConfiguration;
			buildSettings = {
				ALWAYS_EMBED_SWIFT_STANDARD_LIBRARIES = YES;
				BUNDLE_LOADER = "$(TEST_HOST)";
				CODE_SIGN_STYLE = Automatic;
				DEVELOPMENT_TEAM = NSXWD9BJ9H;
				INFOPLIST_FILE = iBeaconDemoTests/Info.plist;
				LD_RUNPATH_SEARCH_PATHS = "$(inherited) @executable_path/Frameworks @loader_path/Frameworks";
				PRODUCT_BUNDLE_IDENTIFIER = "com.kydz-wx.iBeaconDemoTests";
				PRODUCT_NAME = "$(TARGET_NAME)";
				SWIFT_VERSION = 4.0;
				TARGETED_DEVICE_FAMILY = "1,2";
				TEST_HOST = "$(BUILT_PRODUCTS_DIR)/iBeaconDemo.app/iBeaconDemo";
			};
			name = Debug;
		};
		A1E2AC7A2092BE2A00486590 /* Release */ = {
			isa = XCBuildConfiguration;
			buildSettings = {
				ALWAYS_EMBED_SWIFT_STANDARD_LIBRARIES = YES;
				BUNDLE_LOADER = "$(TEST_HOST)";
				CODE_SIGN_STYLE = Automatic;
				DEVELOPMENT_TEAM = NSXWD9BJ9H;
				INFOPLIST_FILE = iBeaconDemoTests/Info.plist;
				LD_RUNPATH_SEARCH_PATHS = "$(inherited) @executable_path/Frameworks @loader_path/Frameworks";
				PRODUCT_BUNDLE_IDENTIFIER = "com.kydz-wx.iBeaconDemoTests";
				PRODUCT_NAME = "$(TARGET_NAME)";
				SWIFT_VERSION = 4.0;
				TARGETED_DEVICE_FAMILY = "1,2";
				TEST_HOST = "$(BUILT_PRODUCTS_DIR)/iBeaconDemo.app/iBeaconDemo";
			};
			name = Release;
		};
		A1E2AC7C2092BE2A00486590 /* Debug */ = {
			isa = XCBuildConfiguration;
			buildSettings = {
				ALWAYS_EMBED_SWIFT_STANDARD_LIBRARIES = YES;
				CODE_SIGN_STYLE = Automatic;
				DEVELOPMENT_TEAM = NSXWD9BJ9H;
				INFOPLIST_FILE = iBeaconDemoUITests/Info.plist;
				LD_RUNPATH_SEARCH_PATHS = "$(inherited) @executable_path/Frameworks @loader_path/Frameworks";
				PRODUCT_BUNDLE_IDENTIFIER = "com.kydz-wx.iBeaconDemoUITests";
				PRODUCT_NAME = "$(TARGET_NAME)";
				SWIFT_VERSION = 4.0;
				TARGETED_DEVICE_FAMILY = "1,2";
				TEST_TARGET_NAME = iBeaconDemo;
			};
			name = Debug;
		};
		A1E2AC7D2092BE2A00486590 /* Release */ = {
			isa = XCBuildConfiguration;
			buildSettings = {
				ALWAYS_EMBED_SWIFT_STANDARD_LIBRARIES = YES;
				CODE_SIGN_STYLE = Automatic;
				DEVELOPMENT_TEAM = NSXWD9BJ9H;
				INFOPLIST_FILE = iBeaconDemoUITests/Info.plist;
				LD_RUNPATH_SEARCH_PATHS = "$(inherited) @executable_path/Frameworks @loader_path/Frameworks";
				PRODUCT_BUNDLE_IDENTIFIER = "com.kydz-wx.iBeaconDemoUITests";
				PRODUCT_NAME = "$(TARGET_NAME)";
				SWIFT_VERSION = 4.0;
				TARGETED_DEVICE_FAMILY = "1,2";
				TEST_TARGET_NAME = iBeaconDemo;
			};
			name = Release;
		};
/* End XCBuildConfiguration section */

/* Begin XCConfigurationList section */
		A1E2AC482092BE2900486590 /* Build configuration list for PBXProject "iBeaconDemo" */ = {
			isa = XCConfigurationList;
			buildConfigurations = (
				A1E2AC732092BE2A00486590 /* Debug */,
				A1E2AC742092BE2A00486590 /* Release */,
			);
			defaultConfigurationIsVisible = 0;
			defaultConfigurationName = Release;
		};
		A1E2AC752092BE2A00486590 /* Build configuration list for PBXNativeTarget "iBeaconDemo" */ = {
			isa = XCConfigurationList;
			buildConfigurations = (
				A1E2AC762092BE2A00486590 /* Debug */,
				A1E2AC772092BE2A00486590 /* Release */,
			);
			defaultConfigurationIsVisible = 0;
			defaultConfigurationName = Release;
		};
		A1E2AC782092BE2A00486590 /* Build configuration list for PBXNativeTarget "iBeaconDemoTests" */ = {
			isa = XCConfigurationList;
			buildConfigurations = (
				A1E2AC792092BE2A00486590 /* Debug */,
				A1E2AC7A2092BE2A00486590 /* Release */,
			);
			defaultConfigurationIsVisible = 0;
			defaultConfigurationName = Release;
		};
		A1E2AC7B2092BE2A00486590 /* Build configuration list for PBXNativeTarget "iBeaconDemoUITests" */ = {
			isa = XCConfigurationList;
			buildConfigurations = (
				A1E2AC7C2092BE2A00486590 /* Debug */,
				A1E2AC7D2092BE2A00486590 /* Release */,
			);
			defaultConfigurationIsVisible = 0;
			defaultConfigurationName = Release;
		};
/* End XCConfigurationList section */
	};
	rootObject = A1E2AC452092BE2900486590 /* Project object */;
}
